<?xml version="1.0" encoding="utf-8"?>
<Project ToolsVersion="4.0" xmlns="http://schemas.microsoft.com/developer/msbuild/2003">
  <ItemGroup>
    <ClCompile Include="..\zlib\adler32.c">
      <Filter>Zlib</Filter>
    </ClCompile>
    <ClCompile Include="..\zlib\compress.c">
      <Filter>Zlib</Filter>
    </ClCompile>
    <ClCompile Include="..\zlib\crc32.c">
      <Filter>Zlib</Filter>
    </ClCompile>
    <ClCompile Include="..\zlib\deflate.c">
      <Filter>Zlib</Filter>
    </ClCompile>
    <ClCompile Include="..\zlib\infblock.c">
      <Filter>Zlib</Filter>
    </ClCompile>
    <ClCompile Include="..\zlib\infcodes.c">
      <Filter>Zlib</Filter>
    </ClCompile>
    <ClCompile Include="..\zlib\inffast.c">
      <Filter>Zlib</Filter>
    </ClCompile>
    <ClCompile Include="..\zlib\inflate.c">
      <Filter>Zlib</Filter>
    </ClCompile>
    <ClCompile Include="..\zlib\inftrees.c">
      <Filter>Zlib</Filter>
    </ClCompile>
    <ClCompile Include="..\zlib\infutil.c">
      <Filter>Zlib</Filter>
    </ClCompile>
    <ClCompile Include="..\zlib\gzio.c">
      <Filter>Zlib</Filter>
    </ClCompile>
    <ClCompile Include="..\zlib\trees.c">
      <Filter>Zlib</Filter>
    </ClCompile>
    <ClCompile Include="..\zlib\uncompr.c">
      <Filter>Zlib</Filter>
    </ClCompile>
    <ClCompile Include="..\zlib\zutil.c">
      <Filter>Zlib</Filter>
    </ClCompile>
    <ClCompile Include="..\alloc.cpp">
      <Filter>ObjectMemory</Filter>
    </ClCompile>
    <ClCompile Include="..\compact.cpp">
      <Filter>ObjectMemory</Filter>
    </ClCompile>
    <ClCompile Include="..\dealloc.cpp">
      <Filter>ObjectMemory</Filter>
    </ClCompile>
    <ClCompile Include="..\finalize.cpp">
      <Filter>ObjectMemory</Filter>
    </ClCompile>
    <ClCompile Include="..\GC.cpp">
      <Filter>ObjectMemory</Filter>
    </ClCompile>
    <ClCompile Include="..\LoadImage.cpp">
      <Filter>ObjectMemory</Filter>
    </ClCompile>
    <ClCompile Include="..\objmem.cpp">
      <Filter>ObjectMemory</Filter>
    </ClCompile>
    <ClCompile Include="..\ObjMemInit.cpp">
      <Filter>ObjectMemory</Filter>
    </ClCompile>
    <ClCompile Include="..\zct.cpp">
      <Filter>ObjectMemory</Filter>
    </ClCompile>
    <ClCompile Include="..\CompilePrims.cpp">
      <Filter>Primitives</Filter>
    </ClCompile>
    <ClCompile Include="..\flotprim.cpp">
      <Filter>Primitives</Filter>
    </ClCompile>
    <ClCompile Include="..\CrashDump.cpp">
      <Filter>Diagnostics</Filter>
    </ClCompile>
    <ClCompile Include="..\decode.cpp">
      <Filter>Diagnostics</Filter>
    </ClCompile>
    <ClCompile Include="..\GCPrim.cpp">
      <Filter>Primitives</Filter>
    </ClCompile>
    <ClCompile Include="..\extcall.cpp">
      <Filter>FFI</Filter>
    </ClCompile>
    <ClCompile Include="..\SearchPrim.cpp">
      <Filter>Primitives</Filter>
    </ClCompile>
    <ClCompile Include="..\StreamPrim.cpp">
      <Filter>Primitives</Filter>
    </ClCompile>
    <ClCompile Include="..\strgprim.cpp">
      <Filter>Primitives</Filter>
    </ClCompile>
    <ClCompile Include="..\thrdcall.cpp">
      <Filter>FFI</Filter>
    </ClCompile>
    <ClCompile Include="..\largeintprim.cpp">
      <Filter>Primitives</Filter>
    </ClCompile>
    <ClCompile Include="..\TraceStream.cpp">
      <Filter>Diagnostics</Filter>
    </ClCompile>
    <ClCompile Include="..\SBHEAP.C">
      <Filter>ObjectMemory</Filter>
    </ClCompile>
    <ClCompile Include="..\IDolphin.cpp">
      <Filter>FFI</Filter>
    </ClCompile>
    <ClCompile Include="..\IDolphinStart.cpp">
      <Filter>FFI</Filter>
    </ClCompile>
    <ClCompile Include="..\Interfac.cpp">
      <Filter>FFI</Filter>
    </ClCompile>
    <ClCompile Include="..\fatalerror.cpp">
      <Filter>Diagnostics</Filter>
    </ClCompile>
    <ClCompile Include="..\oleprim.cpp">
      <Filter>Primitives</Filter>
    </ClCompile>
    <ClCompile Include="..\PerformPrim.cpp">
      <Filter>Primitives</Filter>
    </ClCompile>
    <ClCompile Include="..\realloc.cpp">
      <Filter>ObjectMemory</Filter>
    </ClCompile>
    <ClCompile Include="..\primitiv.cpp">
      <Filter>Primitives</Filter>
    </ClCompile>
    <ClCompile Include="..\exports.cpp">
      <Filter>FFI</Filter>
    </ClCompile>
    <ClCompile Include="..\vmref.cpp">
      <Filter>Interpreter</Filter>
    </ClCompile>
    <ClCompile Include="..\InterprtInit.cpp">
      <Filter>Interpreter</Filter>
    </ClCompile>
    <ClCompile Include="..\timer.cpp">
      <Filter>Primitives</Filter>
    </ClCompile>
    <ClCompile Include="..\Process.cpp">
      <Filter>Primitives</Filter>
    </ClCompile>
    <ClCompile Include="..\sampler.cpp">
      <Filter>FFI</Filter>
    </ClCompile>
    <ClCompile Include="..\bytecde.cpp">
      <Filter>Interpreter</Filter>
    </ClCompile>
    <ClCompile Include="..\Interprt.cpp">
      <Filter>Interpreter</Filter>
    </ClCompile>
    <ClCompile Include="..\RaiseThreadException.c">
      <Filter>FFI</Filter>
    </ClCompile>
    <ClCompile Include="..\dolphin.cpp">
      <Filter>Interpreter</Filter>
    </ClCompile>
  </ItemGroup>
  <ItemGroup>
    <ClInclude Include="..\objmem.h">
      <Filter>ObjectMemory</Filter>
    </ClInclude>
    <ClInclude Include="..\ote.h">
      <Filter>ObjectMemory</Filter>
    </ClInclude>
    <ClInclude Include="..\InterpRegisters.h">
      <Filter>Interpreter</Filter>
    </ClInclude>
    <ClInclude Include="..\interprt.h">
      <Filter>Interpreter</Filter>
    </ClInclude>
    <ClInclude Include="..\bytecdes.h">
      <Filter>Interpreter</Filter>
    </ClInclude>
    <ClInclude Include="..\TraceStream.h">
      <Filter>Diagnostics</Filter>
    </ClInclude>
    <ClInclude Include="..\disassembler.h">
      <Filter>Diagnostics</Filter>
    </ClInclude>
    <ClInclude Include="..\STArray.h">
      <Filter>Smalltalk Objects</Filter>
    </ClInclude>
    <ClInclude Include="..\STAssoc.h">
      <Filter>Smalltalk Objects</Filter>
    </ClInclude>
    <ClInclude Include="..\STBehavior.h">
      <Filter>Smalltalk Objects</Filter>
    </ClInclude>
    <ClInclude Include="..\STBlockClosure.h">
      <Filter>Smalltalk Objects</Filter>
    </ClInclude>
    <ClInclude Include="..\STByteArray.h">
      <Filter>Smalltalk Objects</Filter>
    </ClInclude>
    <ClInclude Include="..\STCharacter.h">
      <Filter>Smalltalk Objects</Filter>
    </ClInclude>
    <ClInclude Include="..\STClassDesc.h">
      <Filter>Smalltalk Objects</Filter>
    </ClInclude>
    <ClInclude Include="..\STCollection.h">
      <Filter>Smalltalk Objects</Filter>
    </ClInclude>
    <ClInclude Include="..\STContext.h">
      <Filter>Smalltalk Objects</Filter>
    </ClInclude>
    <ClInclude Include="..\STExternal.h">
      <Filter>Smalltalk Objects</Filter>
    </ClInclude>
    <ClInclude Include="..\STFloat.h">
      <Filter>Smalltalk Objects</Filter>
    </ClInclude>
    <ClInclude Include="..\STHashedCollection.h">
      <Filter>Smalltalk Objects</Filter>
    </ClInclude>
    <ClInclude Include="..\STInteger.h">
      <Filter>Smalltalk Objects</Filter>
    </ClInclude>
    <ClInclude Include="..\STLinkedList.h">
      <Filter>Smalltalk Objects</Filter>
    </ClInclude>
    <ClInclude Include="..\STMagnitude.h">
      <Filter>Smalltalk Objects</Filter>
    </ClInclude>
    <ClInclude Include="..\STMemoryManager.h">
      <Filter>Smalltalk Objects</Filter>
    </ClInclude>
    <ClInclude Include="..\STMessage.h">
      <Filter>Smalltalk Objects</Filter>
    </ClInclude>
    <ClInclude Include="..\STMethod.h">
      <Filter>Smalltalk Objects</Filter>
    </ClInclude>
    <ClInclude Include="..\STMethodContext.h">
      <Filter>Smalltalk Objects</Filter>
    </ClInclude>
    <ClInclude Include="..\STObject.h">
      <Filter>Smalltalk Objects</Filter>
    </ClInclude>
    <ClInclude Include="..\STProcess.h">
      <Filter>Smalltalk Objects</Filter>
    </ClInclude>
    <ClInclude Include="..\STStackFrame.h">
      <Filter>Smalltalk Objects</Filter>
    </ClInclude>
    <ClInclude Include="..\STStream.h">
      <Filter>Smalltalk Objects</Filter>
    </ClInclude>
    <ClInclude Include="..\STString.h">
      <Filter>Smalltalk Objects</Filter>
    </ClInclude>
    <ClInclude Include="..\STVirtualObject.h">
      <Filter>Smalltalk Objects</Filter>
    </ClInclude>
    <ClInclude Include="..\zfbinstream.h">
      <Filter>ObjectMemory</Filter>
    </ClInclude>
    <ClInclude Include="..\RaiseThreadException.h">
      <Filter>FFI</Filter>
    </ClInclude>
    <ClInclude Include="..\thrdcall.h">
      <Filter>FFI</Filter>
    </ClInclude>
    <ClInclude Include="..\axhost.h">
      <Filter>FFI</Filter>
    </ClInclude>
    <ClInclude Include="..\dlldatax.h">
      <Filter>FFI</Filter>
    </ClInclude>
    <ClInclude Include="..\DolphinSmalltalk.h">
      <Filter>FFI</Filter>
    </ClInclude>
    <ClInclude Include="..\DolphinX.h">
      <Filter>FFI</Filter>
    </ClInclude>
    <ClInclude Include="..\VMPointers.h">
      <Filter>Smalltalk Objects</Filter>
    </ClInclude>
    <ClInclude Include="..\oopq.h">
      <Filter>ObjectMemory</Filter>
    </ClInclude>
    <ClInclude Include="..\VMExcept.h">
      <Filter>Interpreter</Filter>
    </ClInclude>
    <ClInclude Include="..\environ.h" />
    <ClInclude Include="..\ist.h" />
    <ClInclude Include="..\rc_vm.h" />
    <ClInclude Include="..\segdefs.h" />
    <ClInclude Include="..\StdAfx.h" />
  </ItemGroup>
  <ItemGroup>
    <MASM Include="..\ExternalCall.asm">
      <Filter>FFI</Filter>
    </MASM>
    <MASM Include="..\ExternalBytes.asm">
      <Filter>FFI</Filter>
    </MASM>
    <MASM Include="..\primasm.asm">
      <Filter>Primitives</Filter>
    </MASM>
    <MASM Include="..\SmallIntPrim.asm">
      <Filter>Primitives</Filter>
    </MASM>
    <MASM Include="..\constobj.asm">
      <Filter>ObjectMemory</Filter>
    </MASM>
    <MASM Include="..\byteasm.asm">
      <Filter>Interpreter</Filter>
    </MASM>
  </ItemGroup>
  <ItemGroup>
    <None Include="..\ObjMemPriv.inl">
      <Filter>ObjectMemory</Filter>
    </None>
    <None Include="..\InterprtProc.inl">
      <Filter>Interpreter</Filter>
    </None>
    <None Include="..\Interprt.inl">
      <Filter>Interpreter</Filter>
    </None>
    <None Include="..\InterprtPrim.inl">
      <Filter>Interpreter</Filter>
    </None>
    <None Include="..\istasm.inc">
      <Filter>Interpreter</Filter>
    </None>
  </ItemGroup>
  <ItemGroup>
    <Filter Include="Source Files">
      <UniqueIdentifier>{c36872bf-fbfc-44f4-8749-de8c74221729}</UniqueIdentifier>
    </Filter>
    <Filter Include="Zlib">
      <UniqueIdentifier>{efa685a1-9daa-4a68-a656-43c17137a15b}</UniqueIdentifier>
    </Filter>
    <Filter Include="Interpreter">
      <UniqueIdentifier>{856c0fd8-7208-4e14-8b7c-71b2cb261078}</UniqueIdentifier>
    </Filter>
    <Filter Include="ObjectMemory">
      <UniqueIdentifier>{402fcea9-52b8-4128-9761-2be0f57627f3}</UniqueIdentifier>
    </Filter>
    <Filter Include="Primitives">
      <UniqueIdentifier>{501e4f3e-559a-41cd-a397-a023407319a8}</UniqueIdentifier>
    </Filter>
    <Filter Include="Diagnostics">
      <UniqueIdentifier>{f2bd6d63-46bf-40cd-9adc-e63a7217b127}</UniqueIdentifier>
    </Filter>
    <Filter Include="Smalltalk Objects">
      <UniqueIdentifier>{671ed41e-b26b-4137-9084-8ae0c2016ac7}</UniqueIdentifier>
    </Filter>
    <Filter Include="FFI">
      <UniqueIdentifier>{e644de48-b45c-4270-ad6a-d7c7c6817a78}</UniqueIdentifier>
    </Filter>
  </ItemGroup>
  <ItemGroup>
    <Natvis Include="Dolphin.natvis">
      <Filter>Diagnostics</Filter>
    </Natvis>
  </ItemGroup>
</Project>