<?xml version="1.0" encoding="utf-8"?>
<Project ToolsVersion="4.0" xmlns="http://schemas.microsoft.com/developer/msbuild/2003">
  <ItemGroup>
    <ClInclude Include="rc_devrs.h" />
  </ItemGroup>
  <ItemGroup>
    <Image Include="Res\AcceleratorPresenter.ico">
      <Filter>Icons</Filter>
    </Image>
    <Image Include="Res\ApplicationDeploymentWizard.ico">
      <Filter>Icons</Filter>
    </Image>
    <Image Include="Res\AspectBuffer.ico">
      <Filter>Icons</Filter>
    </Image>
    <Image Include="Res\Bag.ico">
      <Filter>Icons</Filter>
    </Image>
    <Image Include="Res\BasicInspector.ico">
      <Filter>Icons</Filter>
    </Image>
    <Image Include="Res\Behavior.ico">
      <Filter>Icons</Filter>
    </Image>
    <Image Include="Res\blank.ico">
      <Filter>Icons</Filter>
    </Image>
    <Image Include="Res\BlockClosure.ico">
      <Filter>Icons</Filter>
    </Image>
    <Image Include="Res\Boolean.ico">
      <Filter>Icons</Filter>
    </Image>
    <Image Include="Res\BrowseFolderDialog.ico">
      <Filter>Icons</Filter>
    </Image>
    <Image Include="Res\Brush.ico">
      <Filter>Icons</Filter>
    </Image>
    <Image Include="Res\Canvas.ico">
      <Filter>Icons</Filter>
    </Image>
    <Image Include="Res\Category.ico">
      <Filter>Icons</Filter>
    </Image>
    <Image Include="Res\Changed.ico">
      <Filter>Icons</Filter>
    </Image>
    <Image Include="Res\Character.ico">
      <Filter>Icons</Filter>
    </Image>
    <Image Include="Res\ChoicePresenter.ico">
      <Filter>Icons</Filter>
    </Image>
    <Image Include="Res\Class.ico">
      <Filter>Icons</Filter>
    </Image>
    <Image Include="Res\ClassBrowserShell.ico">
      <Filter>Icons</Filter>
    </Image>
    <Image Include="Res\ClassComment.ico">
      <Filter>Icons</Filter>
    </Image>
    <Image Include="Res\ClassHierarchyDiagram.ico">
      <Filter>Icons</Filter>
    </Image>
    <Image Include="Res\ClearDocument.ico">
      <Filter>Icons</Filter>
    </Image>
    <Image Include="Res\Clipboard.ico">
      <Filter>Icons</Filter>
    </Image>
    <Image Include="Res\CodeMentorPlugin.ico">
      <Filter>Icons</Filter>
    </Image>
    <Image Include="Res\Collection.ico">
      <Filter>Icons</Filter>
    </Image>
    <Image Include="Res\CollectionPresenter.ico">
      <Filter>Icons</Filter>
    </Image>
    <Image Include="Res\Color.ico">
      <Filter>Icons</Filter>
    </Image>
    <Image Include="Res\ColorDialog.ico">
      <Filter>Icons</Filter>
    </Image>
    <Image Include="Res\ColorPresenter.ico">
      <Filter>Icons</Filter>
    </Image>
    <Image Include="Res\ColorView.ico">
      <Filter>Icons</Filter>
    </Image>
    <Image Include="Res\Combobox.ico">
      <Filter>Icons</Filter>
    </Image>
    <Image Include="Res\cominter.ico">
      <Filter>Icons</Filter>
    </Image>
    <Image Include="Res\CompileFailedMethod.ico">
      <Filter>Icons</Filter>
    </Image>
    <Image Include="Res\Compiler.ico">
      <Filter>Icons</Filter>
    </Image>
    <Image Include="Res\ContainerView.ico">
      <Filter>Icons</Filter>
    </Image>
    <Image Include="Res\ControlBarAbstract.ico">
      <Filter>Icons</Filter>
    </Image>
    <Image Include="Res\Date.ico">
      <Filter>Icons</Filter>
    </Image>
    <Image Include="Res\DatePresenter.ico">
      <Filter>Icons</Filter>
    </Image>
    <Image Include="Res\DateTimePicker.ico">
      <Filter>Icons</Filter>
    </Image>
    <Image Include="Res\DeadObject.ico">
      <Filter>Icons</Filter>
    </Image>
    <Image Include="Res\DeafObject.ico">
      <Filter>Icons</Filter>
    </Image>
    <Image Include="Res\Debugger.ico">
      <Filter>Icons</Filter>
    </Image>
    <Image Include="Res\Delay.ico">
      <Filter>Icons</Filter>
    </Image>
    <Image Include="Res\DesktopView.ico">
      <Filter>Icons</Filter>
    </Image>
    <Image Include="Res\Dialog.ico">
      <Filter>Icons</Filter>
    </Image>
    <Image Include="Res\DialogView.ico">
      <Filter>Icons</Filter>
    </Image>
    <Image Include="Res\Dictionary.ico">
      <Filter>Icons</Filter>
    </Image>
    <Image Include="Res\DisplayIt.ico">
      <Filter>Icons</Filter>
    </Image>
    <Image Include="Res\DocumentShell.ico">
      <Filter>Icons</Filter>
    </Image>
    <Image Include="Res\DolphinPackage.ico">
      <Filter>Icons</Filter>
    </Image>
    <Image Include="Res\DolphinPackageFolder.ico">
      <Filter>Icons</Filter>
    </Image>
    <Image Include="Res\DolphinSerialNumber.ico">
      <Filter>Icons</Filter>
    </Image>
    <Image Include="Res\DolphinSureCertificate.ico">
      <Filter>Icons</Filter>
    </Image>
    <Image Include="Res\DolphinSureTrustedData.ico">
      <Filter>Icons</Filter>
    </Image>
    <Image Include="Res\DownArrow.ico">
      <Filter>Icons</Filter>
    </Image>
    <Image Include="Res\EditCopy.ico">
      <Filter>Icons</Filter>
    </Image>
    <Image Include="Res\EditCut.ico">
      <Filter>Icons</Filter>
    </Image>
    <Image Include="Res\EditDelete.ico">
      <Filter>Icons</Filter>
    </Image>
    <Image Include="Res\EditRedo.ico">
      <Filter>Icons</Filter>
    </Image>
    <Image Include="Res\EditUndo.ico">
      <Filter>Icons</Filter>
    </Image>
    <Image Include="Res\EnvironmentBrowserShell.ico">
      <Filter>Icons</Filter>
    </Image>
    <Image Include="Res\EvaluateIt.ico">
      <Filter>Icons</Filter>
    </Image>
    <Image Include="Res\Exception.ico">
      <Filter>Icons</Filter>
    </Image>
    <Image Include="Res\extent.ico">
      <Filter>Icons</Filter>
    </Image>
    <Image Include="Res\externalstructure.ico">
      <Filter>Icons</Filter>
    </Image>
    <Image Include="Res\FileDialog.ico">
      <Filter>Icons</Filter>
    </Image>
    <Image Include="Res\FileOpen.ico">
      <Filter>Icons</Filter>
    </Image>
    <Image Include="Res\FileSave.ico">
      <Filter>Icons</Filter>
    </Image>
    <Image Include="Res\FileSystemMonitor.ico">
      <Filter>Icons</Filter>
    </Image>
    <Image Include="Res\Find.ico">
      <Filter>Icons</Filter>
    </Image>
    <Image Include="Res\FindDialog.ico">
      <Filter>Icons</Filter>
    </Image>
    <Image Include="Res\FindNext.ico">
      <Filter>Icons</Filter>
    </Image>
    <Image Include="Res\flipper.ico">
      <Filter>Icons</Filter>
    </Image>
    <Image Include="Res\FlipperInspector.ico">
      <Filter>Icons</Filter>
    </Image>
    <Image Include="Res\Float.ico">
      <Filter>Icons</Filter>
    </Image>
    <Image Include="Res\Folder.ico">
      <Filter>Icons</Filter>
    </Image>
    <Image Include="Res\FolderPresenter.ico">
      <Filter>Icons</Filter>
    </Image>
    <Image Include="Res\Font.ico">
      <Filter>Icons</Filter>
    </Image>
    <Image Include="Res\FontDialog.ico">
      <Filter>Icons</Filter>
    </Image>
    <Image Include="Res\FontPresenter.ico">
      <Filter>Icons</Filter>
    </Image>
    <Image Include="Res\FontView.ico">
      <Filter>Icons</Filter>
    </Image>
    <Image Include="Res\Forwards.ico">
      <Filter>Icons</Filter>
    </Image>
    <Image Include="Res\Fraction.ico">
      <Filter>Icons</Filter>
    </Image>
    <Image Include="Res\GoSearch.ico">
      <Filter>Icons</Filter>
    </Image>
    <Image Include="Res\GraphicsTool.ico">
      <Filter>Icons</Filter>
    </Image>
    <Image Include="Res\GrayedClassComment.ico">
      <Filter>Icons</Filter>
    </Image>
    <Image Include="Res\HelloWorld.ico">
      <Filter>Icons</Filter>
    </Image>
    <Image Include="Res\HistoryBack.ico">
      <Filter>Icons</Filter>
    </Image>
    <Image Include="Res\HistoryForward.ico">
      <Filter>Icons</Filter>
    </Image>
    <Image Include="Res\HotKey.ico">
      <Filter>Icons</Filter>
    </Image>
    <Image Include="Res\IAgentCtlCharacter.ico">
      <Filter>Icons</Filter>
    </Image>
    <Image Include="Res\Icon.ico">
      <Filter>Icons</Filter>
    </Image>
    <Image Include="Res\IdeaSpaceBreakout.ico">
      <Filter>Icons</Filter>
    </Image>
    <Image Include="Res\IdeaSpaceCardBar.bmp">
      <Filter>Icons</Filter>
    </Image>
    <Image Include="Res\IdeaSpaceShell.ico">
      <Filter>Icons</Filter>
    </Image>
    <Image Include="Res\IdeaSpaceShellAdd.ico">
      <Filter>Icons</Filter>
    </Image>
    <Image Include="Res\IdeaSpaceShellAddDisabled.ico">
      <Filter>Icons</Filter>
    </Image>
    <Image Include="Res\idispatch.ico">
      <Filter>Icons</Filter>
    </Image>
    <Image Include="Res\image.ico">
      <Filter>Icons</Filter>
    </Image>
    <Image Include="Res\Imagedoc.ico">
      <Filter>Icons</Filter>
    </Image>
    <Image Include="Res\ImagePresenter.ico">
      <Filter>Icons</Filter>
    </Image>
    <Image Include="Res\ImageView.ico">
      <Filter>Icons</Filter>
    </Image>
    <Image Include="Res\InputState.ico">
      <Filter>Icons</Filter>
    </Image>
    <Image Include="Res\Interval.ico">
      <Filter>Icons</Filter>
    </Image>
    <Image Include="Res\Keyboard.ico">
      <Filter>Icons</Filter>
    </Image>
    <Image Include="Res\LintError.ico">
      <Filter>Icons</Filter>
    </Image>
    <Image Include="Res\LintInfo.ico">
      <Filter>Icons</Filter>
    </Image>
    <Image Include="Res\LintPass.ico">
      <Filter>Icons</Filter>
    </Image>
    <Image Include="Res\LintRule.ico">
      <Filter>Icons</Filter>
    </Image>
    <Image Include="Res\LintWarning.ico">
      <Filter>Icons</Filter>
    </Image>
    <Image Include="Res\ListControlView.ico">
      <Filter>Icons</Filter>
    </Image>
    <Image Include="Res\ListModel.ico">
      <Filter>Icons</Filter>
    </Image>
    <Image Include="Res\ListPresenter.ico">
      <Filter>Icons</Filter>
    </Image>
    <Image Include="Res\ListViewColumn.ico">
      <Filter>Icons</Filter>
    </Image>
    <Image Include="Res\Locale.ico">
      <Filter>Icons</Filter>
    </Image>
    <Image Include="Res\MemoryManager.ico">
      <Filter>Icons</Filter>
    </Image>
    <Image Include="Res\Menu.ico">
      <Filter>Icons</Filter>
    </Image>
    <Image Include="Res\Message.ico">
      <Filter>Icons</Filter>
    </Image>
    <Image Include="Res\MessageSendAbstract.ico">
      <Filter>Icons</Filter>
    </Image>
    <Image Include="Res\MessageSequenceAbstract.ico">
      <Filter>Icons</Filter>
    </Image>
    <Image Include="Res\Metaclass.ico">
      <Filter>Icons</Filter>
    </Image>
    <Image Include="Res\MethodBrowser.ico">
      <Filter>Icons</Filter>
    </Image>
    <Image Include="Res\methodprotocol.ico">
      <Filter>Icons</Filter>
    </Image>
    <Image Include="Res\methodprotocolansi.ico">
      <Filter>Icons</Filter>
    </Image>
    <Image Include="Res\methodprotocolro.ico">
      <Filter>Icons</Filter>
    </Image>
    <Image Include="Res\Model.ico">
      <Filter>Icons</Filter>
    </Image>
    <Image Include="Res\MoenTreeView.ico">
      <Filter>Icons</Filter>
    </Image>
    <Image Include="Res\MouseTracker.ico">
      <Filter>Icons</Filter>
    </Image>
    <Image Include="Res\MoveNext.ico">
      <Filter>Icons</Filter>
    </Image>
    <Image Include="Res\MovePrior.ico">
      <Filter>Icons</Filter>
    </Image>
    <Image Include="Res\Mutex.ico">
      <Filter>Icons</Filter>
    </Image>
    <Image Include="Res\NewClass.ico">
      <Filter>Icons</Filter>
    </Image>
    <Image Include="Res\NewMethod.ico">
      <Filter>Icons</Filter>
    </Image>
    <Image Include="Res\NewThing.ico">
      <Filter>Icons</Filter>
    </Image>
    <Image Include="Res\Number.ico">
      <Filter>Icons</Filter>
    </Image>
    <Image Include="Res\NumberPresenter.ico">
      <Filter>Icons</Filter>
    </Image>
    <Image Include="Res\object.ico">
      <Filter>Icons</Filter>
    </Image>
    <Image Include="Res\Package.ico">
      <Filter>Icons</Filter>
    </Image>
    <Image Include="Res\Panic.ico">
      <Filter>Icons</Filter>
    </Image>
    <Image Include="Res\Pen.ico">
      <Filter>Icons</Filter>
    </Image>
    <Image Include="Res\Playground.ico">
      <Filter>Icons</Filter>
    </Image>
    <Image Include="Res\Point.ico">
      <Filter>Icons</Filter>
    </Image>
    <Image Include="Res\position.ico">
      <Filter>Icons</Filter>
    </Image>
    <Image Include="Res\PowerOff.ico">
      <Filter>Icons</Filter>
    </Image>
    <Image Include="Res\Presenter.ico">
      <Filter>Icons</Filter>
    </Image>
    <Image Include="Res\Process.ico">
      <Filter>Icons</Filter>
    </Image>
    <Image Include="Res\ProcessMonitor.ico">
      <Filter>Icons</Filter>
    </Image>
    <Image Include="Res\ProgressBar.ico">
      <Filter>Icons</Filter>
    </Image>
    <Image Include="Res\ProtocolBrowserShell.ico">
      <Filter>Icons</Filter>
    </Image>
    <Image Include="Res\PublishedAspectInspector.ico">
      <Filter>Icons</Filter>
    </Image>
    <Image Include="Res\PushButton.ico">
      <Filter>Icons</Filter>
    </Image>
    <Image Include="Res\GroupBox.ico">
      <Filter>Icons</Filter>
    </Image>
    <Image Include="Res\HeaderPin.bmp">
      <Filter>Bitmaps</Filter>
    </Image>
    <Image Include="Res\LagoonLogo.bmp">
      <Filter>Bitmaps</Filter>
    </Image>
    <Image Include="Res\Rectangle.ico">
      <Filter>Icons</Filter>
    </Image>
    <Image Include="Res\RecycleBin.ico">
      <Filter>Icons</Filter>
    </Image>
    <Image Include="Res\Refactoring.ico">
      <Filter>Icons</Filter>
    </Image>
    <Image Include="Res\ReferenceView.ico">
      <Filter>Icons</Filter>
    </Image>
    <Image Include="Res\Refresh.ico">
      <Filter>Icons</Filter>
    </Image>
    <Image Include="Res\regkey.ico">
      <Filter>Icons</Filter>
    </Image>
    <Image Include="Res\RegKeyAbstract.ico">
      <Filter>Icons</Filter>
    </Image>
    <Image Include="Res\regkeyva.ico">
      <Filter>Icons</Filter>
    </Image>
    <Image Include="Res\regvalue.ico">
      <Filter>Icons</Filter>
    </Image>
    <Image Include="Res\Rename.ico">
      <Filter>Icons</Filter>
    </Image>
    <Image Include="Res\Resource.ico">
      <Filter>Icons</Filter>
    </Image>
    <Image Include="Res\Run.ico">
      <Filter>Icons</Filter>
    </Image>
    <Image Include="Res\RunToCursor.ico">
      <Filter>Icons</Filter>
    </Image>
    <Image Include="Res\ScaledDecimal.ico">
      <Filter>Icons</Filter>
    </Image>
    <Image Include="Res\ScintillaView.ico">
      <Filter>Icons</Filter>
    </Image>
    <Image Include="Res\Scribble.ico">
      <Filter>Icons</Filter>
    </Image>
    <Image Include="Res\ScribbleView.ico">
      <Filter>Icons</Filter>
    </Image>
    <Image Include="Res\ScrollBar.ico">
      <Filter>Icons</Filter>
    </Image>
    <Image Include="Res\ScrollingDecorator.ico">
      <Filter>Icons</Filter>
    </Image>
    <Image Include="Res\searchtext.ico">
      <Filter>Icons</Filter>
    </Image>
    <Image Include="Res\Shell.ico">
      <Filter>Icons</Filter>
    </Image>
    <Image Include="Res\ShellView.ico">
      <Filter>Icons</Filter>
    </Image>
    <Image Include="Res\Sleep.ico">
      <Filter>Icons</Filter>
    </Image>
    <Image Include="Res\Slider.ico">
      <Filter>Icons</Filter>
    </Image>
    <Image Include="Res\SmalltalkSystemOptionSet.ico">
      <Filter>Icons</Filter>
    </Image>
    <Image Include="Res\SmalltalkSystemToolsFolder.ico">
      <Filter>Icons</Filter>
    </Image>
    <Image Include="Res\SmalltalkToolShell.ico">
      <Filter>Icons</Filter>
    </Image>
    <Image Include="Res\SmalltalkWorkspace.ico">
      <Filter>Icons</Filter>
    </Image>
    <Image Include="Res\Snapshot.ico">
      <Filter>Icons</Filter>
    </Image>
    <Image Include="Res\Sound.ico">
      <Filter>Icons</Filter>
    </Image>
    <Image Include="Res\SourceManager.ico">
      <Filter>Icons</Filter>
    </Image>
    <Image Include="Res\SpinButton.ico">
      <Filter>Icons</Filter>
    </Image>
    <Image Include="Res\Splitter.ico">
      <Filter>Icons</Filter>
    </Image>
    <Image Include="Res\StaticImage.ico">
      <Filter>Icons</Filter>
    </Image>
    <Image Include="Res\StaticText.ico">
      <Filter>Icons</Filter>
    </Image>
    <Image Include="Res\StepInto.ico">
      <Filter>Icons</Filter>
    </Image>
    <Image Include="Res\StepIntoBlock.ico">
      <Filter>Icons</Filter>
    </Image>
    <Image Include="Res\StepOut.ico">
      <Filter>Icons</Filter>
    </Image>
    <Image Include="Res\StepOver.ico">
      <Filter>Icons</Filter>
    </Image>
    <Image Include="Res\SystemBrowserShell.ico">
      <Filter>Icons</Filter>
    </Image>
    <Image Include="Res\SystemDictionary.ico">
      <Filter>Icons</Filter>
    </Image>
    <Image Include="Res\TabView.ico">
      <Filter>Icons</Filter>
    </Image>
    <Image Include="Res\TestRunner.ico">
      <Filter>Icons</Filter>
    </Image>
    <Image Include="Res\TextEdit.ico">
      <Filter>Icons</Filter>
    </Image>
    <Image Include="Res\TextPresenter.ico">
      <Filter>Icons</Filter>
    </Image>
    <Image Include="Res\Time.ico">
      <Filter>Icons</Filter>
    </Image>
    <Image Include="Res\TimePresenter.ico">
      <Filter>Icons</Filter>
    </Image>
    <Image Include="Res\TimeStamp.ico">
      <Filter>Icons</Filter>
    </Image>
    <Image Include="Res\ToggleLocalHierarchy.ico">
      <Filter>Icons</Filter>
    </Image>
    <Image Include="Res\Tools.bmp">
      <Filter>Icons</Filter>
    </Image>
    <Image Include="Res\ToolTip.ico">
      <Filter>Icons</Filter>
    </Image>
    <Image Include="Res\TranscriptShell.ico">
      <Filter>Icons</Filter>
    </Image>
    <Image Include="Res\TreeModelAbstract.ico">
      <Filter>Icons</Filter>
    </Image>
    <Image Include="Res\TreePresenter.ico">
      <Filter>Icons</Filter>
    </Image>
    <Image Include="Res\TreeView.ico">
      <Filter>Icons</Filter>
    </Image>
    <Image Include="Res\TypeConverter.ico">
      <Filter>Icons</Filter>
    </Image>
    <Image Include="Res\UnitTestPlugin.ico">
      <Filter>Icons</Filter>
    </Image>
    <Image Include="Res\UnitTestPluginDefect.ico">
      <Filter>Icons</Filter>
    </Image>
    <Image Include="Res\UnitTestPluginFail.ico">
      <Filter>Icons</Filter>
    </Image>
    <Image Include="Res\UnitTestPluginNoTest.ico">
      <Filter>Icons</Filter>
    </Image>
    <Image Include="Res\UnitTestPluginNotRun.ico">
      <Filter>Icons</Filter>
    </Image>
    <Image Include="Res\UnitTestPluginPass.ico">
      <Filter>Icons</Filter>
    </Image>
    <Image Include="Res\ValueAdaptor.ico">
      <Filter>Icons</Filter>
    </Image>
    <Image Include="Res\ValueBuffer.ico">
      <Filter>Icons</Filter>
    </Image>
    <Image Include="Res\ValueConverter.ico">
      <Filter>Icons</Filter>
    </Image>
    <Image Include="Res\ValueConvertingControlView.ico">
      <Filter>Icons</Filter>
    </Image>
    <Image Include="Res\ValueDialog.ico">
      <Filter>Icons</Filter>
    </Image>
    <Image Include="Res\ValueHolder.ico">
      <Filter>Icons</Filter>
    </Image>
    <Image Include="Res\ValueModel.ico">
      <Filter>Icons</Filter>
    </Image>
    <Image Include="Res\ValuePresenter.ico">
      <Filter>Icons</Filter>
    </Image>
    <Image Include="Res\VCBar.bmp">
      <Filter>Bitmaps</Filter>
    </Image>
    <Image Include="Res\xhatch.bmp">
      <Filter>Bitmaps</Filter>
    </Image>
    <Image Include="Res\XML.ico">
      <Filter>Icons</Filter>
    </Image>
    <Image Include="Res\View.ico">
      <Filter>Icons</Filter>
    </Image>
    <Image Include="Res\ViewComposer.ico">
      <Filter>Icons</Filter>
    </Image>
    <Image Include="Res\VisualObjectFinder.ico">
      <Filter>Icons</Filter>
    </Image>
    <Image Include="Res\Wizard.ico">
      <Filter>Icons</Filter>
    </Image>
    <Image Include="Res\ConsoleSessionManager.ico">
      <Filter>Icons</Filter>
    </Image>
    <Image Include="Res\TransformationRule.ico">
      <Filter>Icons</Filter>
    </Image>
    <Image Include="Res\WinImageList.ico">
      <Filter>Icons</Filter>
    </Image>
    <Image Include="Res\Application.ico">
      <Filter>Icons</Filter>
    </Image>
    <Image Include="Res\Interactor.ico">
      <Filter>Icons</Filter>
    </Image>
    <Image Include="Res\CategoryDelete.ico">
      <Filter>Icons</Filter>
    </Image>
    <Image Include="Res\CompiledCode.ico">
      <Filter>Icons</Filter>
    </Image>
    <Image Include="Res\DebugInfoPlugin.ico">
      <Filter>Icons</Filter>
    </Image>
    <Image Include="Res\DolphinSureCertificateStore.ico">
      <Filter>Icons</Filter>
    </Image>
    <Image Include="Res\DropDownList.ico">
      <Filter>Icons</Filter>
    </Image>
    <Image Include="Res\Duration.ico">
      <Filter>Icons</Filter>
    </Image>
    <Image Include="Res\EllipsisButton.ico">
      <Filter>Icons</Filter>
    </Image>
    <Image Include="Res\Event.ico">
      <Filter>Icons</Filter>
    </Image>
    <Image Include="Res\EventMessageSend.ico">
      <Filter>Icons</Filter>
    </Image>
    <Image Include="Res\ExternalLibrary.ico">
      <Filter>Icons</Filter>
    </Image>
    <Image Include="Res\File.ico">
      <Filter>Icons</Filter>
    </Image>
    <Image Include="Res\FileNew.ico">
      <Filter>Icons</Filter>
    </Image>
    <Image Include="Res\FileSaveAll.ico">
      <Filter>Icons</Filter>
    </Image>
    <Image Include="Res\FindClass.ico">
      <Filter>Icons</Filter>
    </Image>
    <Image Include="Res\FindInFolders.ico">
      <Filter>Icons</Filter>
    </Image>
    <Image Include="Res\FolderOpen.ico">
      <Filter>Icons</Filter>
    </Image>
    <Image Include="Res\FolderUp.ico">
      <Filter>Icons</Filter>
    </Image>
    <Image Include="Res\Help.ico">
      <Filter>Icons</Filter>
    </Image>
    <Image Include="Res\Information.ico">
      <Filter>Icons</Filter>
    </Image>
    <Image Include="Res\LintSleep.ico">
      <Filter>Icons</Filter>
    </Image>
    <Image Include="Res\LintWait.ico">
      <Filter>Icons</Filter>
    </Image>
    <Image Include="Res\ListView.ico">
      <Filter>Icons</Filter>
    </Image>
    <Image Include="Res\MoveUp.ico">
      <Filter>Icons</Filter>
    </Image>
    <Image Include="Res\PoolDictionariesShell.ico">
      <Filter>Icons</Filter>
    </Image>
    <Image Include="Res\PowerSwitch.ico">
      <Filter>Icons</Filter>
    </Image>
    <Image Include="Res\ProcessorScheduler.ico">
      <Filter>Icons</Filter>
    </Image>
    <Image Include="Res\Properties.ico">
      <Filter>Icons</Filter>
    </Image>
    <Image Include="Res\ProtoObject.ico">
      <Filter>Icons</Filter>
    </Image>
    <Image Include="Res\Question.ico">
      <Filter>Icons</Filter>
    </Image>
    <Image Include="Res\ResourceBrowser.ico">
      <Filter>Icons</Filter>
    </Image>
    <Image Include="Res\SelectAll.ico">
      <Filter>Icons</Filter>
    </Image>
    <Image Include="Res\SelectHide.ico">
      <Filter>Icons</Filter>
    </Image>
    <Image Include="Res\SelectInvert.ico">
      <Filter>Icons</Filter>
    </Image>
    <Image Include="Res\SelectNone.ico">
      <Filter>Icons</Filter>
    </Image>
    <Image Include="Res\SelectOpen.ico">
      <Filter>Icons</Filter>
    </Image>
    <Image Include="Res\SelectPlay.ico">
      <Filter>Icons</Filter>
    </Image>
    <Image Include="Res\Share.ico">
      <Filter>Icons</Filter>
    </Image>
    <Image Include="Res\ShowNextStatement.ico">
      <Filter>Icons</Filter>
    </Image>
    <Image Include="Res\SlideyInneyOuteyThing.ico">
      <Filter>Icons</Filter>
    </Image>
    <Image Include="Res\StaticPath.ico">
      <Filter>Icons</Filter>
    </Image>
    <Image Include="Res\TestView.ico">
      <Filter>Icons</Filter>
    </Image>
    <Image Include="Res\TextDocument.ico">
      <Filter>Icons</Filter>
    </Image>
    <Image Include="Res\ViewLargeIcons.ico">
      <Filter>Icons</Filter>
    </Image>
    <Image Include="Res\Box.ico">
      <Filter>Icons</Filter>
    </Image>
    <Image Include="Res\ClassDefinition.ico">
      <Filter>Icons</Filter>
    </Image>
    <Image Include="Res\DiskVolumeInformation.ico">
      <Filter>Icons</Filter>
    </Image>
    <Image Include="Res\DolphinNoXP.ico">
      <Filter>Icons</Filter>
    </Image>
    <Image Include="Res\EditPasteLink.ico">
      <Filter>Icons</Filter>
    </Image>
    <Image Include="Res\ExeStub.ico">
      <Filter>Icons</Filter>
    </Image>
    <Image Include="Res\ExternalCallback.ico">
      <Filter>Icons</Filter>
    </Image>
    <Image Include="Res\FileBrowser.ico">
      <Filter>Icons</Filter>
    </Image>
    <Image Include="Res\FileIn.ico">
      <Filter>Icons</Filter>
    </Image>
    <Image Include="Res\Game controller.ico">
      <Filter>Icons</Filter>
    </Image>
    <Image Include="Res\Globe.ico">
      <Filter>Icons</Filter>
    </Image>
    <Image Include="Res\GotoFolder.ico">
      <Filter>Icons</Filter>
    </Image>
    <Image Include="Res\HistoryErase.ico">
      <Filter>Icons</Filter>
    </Image>
    <Image Include="Res\HistoryList.ico">
      <Filter>Icons</Filter>
    </Image>
    <Image Include="Res\LinedNotes.ico">
      <Filter>Icons</Filter>
    </Image>
    <Image Include="Res\MethodHistory.ico">
      <Filter>Icons</Filter>
    </Image>
    <Image Include="Res\MethodHistoryErase.ico">
      <Filter>Icons</Filter>
    </Image>
    <Image Include="Res\MethodSource.ico">
      <Filter>Icons</Filter>
    </Image>
    <Image Include="Res\NewIdeaSpaceShell.ico">
      <Filter>Icons</Filter>
    </Image>
    <Image Include="Res\NewPackage.ico">
      <Filter>Icons</Filter>
    </Image>
    <Image Include="Res\NewWorkspace.ico">
      <Filter>Icons</Filter>
    </Image>
    <Image Include="Res\OpenWorkspace.ico">
      <Filter>Icons</Filter>
    </Image>
    <Image Include="Res\Options.ico">
      <Filter>Icons</Filter>
    </Image>
    <Image Include="Res\PackageBrowserShell.ico">
      <Filter>Icons</Filter>
    </Image>
    <Image Include="Res\PasteShortcut.ico">
      <Filter>Icons</Filter>
    </Image>
    <Image Include="Res\Pencil.ico">
      <Filter>Icons</Filter>
    </Image>
    <Image Include="Res\preferences.ico">
      <Filter>Icons</Filter>
    </Image>
    <Image Include="Res\PrinterCanvas.ico">
      <Filter>Icons</Filter>
    </Image>
    <Image Include="Res\Profiler.ico">
      <Filter>Icons</Filter>
    </Image>
    <Image Include="Res\ProtectedProductSerialNumber.ico">
      <Filter>Icons</Filter>
    </Image>
    <Image Include="Res\RegKeyDocument.ico">
      <Filter>Icons</Filter>
    </Image>
    <Image Include="Res\RegKeySearch.ico">
      <Filter>Icons</Filter>
    </Image>
    <Image Include="Res\ResourceIdentifier.ico">
      <Filter>Icons</Filter>
    </Image>
    <Image Include="Res\SampleApplicationsFolder.ico">
      <Filter>Icons</Filter>
    </Image>
    <Image Include="Res\SequenceableCollectionPresenter.ico">
      <Filter>Icons</Filter>
    </Image>
    <Image Include="Res\SmalltalkOptionsFolder.ico">
      <Filter>Icons</Filter>
    </Image>
    <Image Include="Res\SortAlgorithm.ico">
      <Filter>Icons</Filter>
    </Image>
    <Image Include="Res\SourceBrowser.ico">
      <Filter>Icons</Filter>
    </Image>
    <Image Include="Res\StatusBar.ico">
      <Filter>Icons</Filter>
    </Image>
    <Image Include="Res\Toolbar.ico">
      <Filter>Icons</Filter>
    </Image>
    <Image Include="Res\UpArrow.ico">
      <Filter>Icons</Filter>
    </Image>
    <Image Include="Res\ViewContent.ico">
      <Filter>Icons</Filter>
    </Image>
    <Image Include="Res\ViewDetails.ico">
      <Filter>Icons</Filter>
    </Image>
    <Image Include="Res\ViewExtraLargeIcons.ico">
      <Filter>Icons</Filter>
    </Image>
    <Image Include="Res\ViewList.ico">
      <Filter>Icons</Filter>
    </Image>
    <Image Include="Res\ViewMediumSizedIcons.ico">
      <Filter>Icons</Filter>
    </Image>
    <Image Include="Res\ViewMode.ico">
      <Filter>Icons</Filter>
    </Image>
    <Image Include="Res\ViewSmallIcons.ico">
      <Filter>Icons</Filter>
    </Image>
    <Image Include="Res\ViewTiles.ico">
      <Filter>Icons</Filter>
    </Image>
    <Image Include="Res\DateAndTime.ico">
      <Filter>Icons</Filter>
    </Image>
    <Image Include="Res\Guid.ico">
      <Filter>Icons</Filter>
    </Image>
    <Image Include="Res\TimeZone.ico">
      <Filter>Icons</Filter>
    </Image>
    <Image Include="Res\JSON.ico">
      <Filter>Icons</Filter>
    </Image>
    <Image Include="Res\Namespace.ico">
      <Filter>Icons</Filter>
    </Image>
    <Image Include="Res\OS.ico">
      <Filter>Icons</Filter>
    </Image>
    <Image Include="Res\PrintIt.ico">
      <Filter>Icons</Filter>
    </Image>
    <Image Include="Res\Tools.ico">
      <Filter>Icons</Filter>
    </Image>
    <Image Include="Res\AXControlSite.ico">
      <Filter>Icons</Filter>
    </Image>
    <Image Include="Res\SharedPool.ico" />
    <Image Include="Res\OSNamespace.ico" />
    <Image Include="Res\ToolsNamespace.ico" />
    <Image Include="Res\ExternalNamespace.ico" />
    <Image Include="Res\CoreNamespace.ico" />
    <Image Include="Res\GraphicsNamespace.ico" />
    <Image Include="Res\KernelNamespace.ico" />
  </ItemGroup>
  <ItemGroup>
    <None Include="Res\hsplit.cur">
      <Filter>Cursors</Filter>
    </None>
    <None Include="Res\vsplit.cur">
      <Filter>Cursors</Filter>
    </None>
  </ItemGroup>
  <ItemGroup>
    <Filter Include="Icons">
      <UniqueIdentifier>{3f5f5314-0463-47fc-bd13-89681c0609c2}</UniqueIdentifier>
    </Filter>
    <Filter Include="Bitmaps">
      <UniqueIdentifier>{902049ce-4897-4858-90fd-dd356d482e3b}</UniqueIdentifier>
    </Filter>
    <Filter Include="Cursors">
      <UniqueIdentifier>{58e534a7-29cb-498c-9bc5-6cfa30202eb4}</UniqueIdentifier>
    </Filter>
  </ItemGroup>
  <ItemGroup>
    <ResourceCompile Include="devres.rc" />
  </ItemGroup>
</Project>